
Microsoft Visual Studio Solution File, Format Version 12.00
# Visual Studio Version 17
VisualStudioVersion = 17.3.32825.248
MinimumVisualStudioVersion = 10.0.40219.1
Project("{FAE04EC0-301F-11D3-BF4B-00C04F79EFBC}") = "DEMO_3_LAYER", "DEMO_3_LAYER\DEMO_3_LAYER.csproj", "{2DAD91F9-02BC-4C88-95E2-4BCD1DF7CDC7}"
EndProject
Global
	GlobalSection(SolutionConfigurationPlatforms) = preSolution
		Debug|Any CPU = Debug|Any CPU
		Release|Any CPU = Release|Any CPU
	EndGlobalSection
	GlobalSection(ProjectConfigurationPlatforms) = postSolution
		{2DAD91F9-02BC-4C88-95E2-4BCD1DF7CDC7}.Debug|Any CPU.ActiveCfg = Debug|Any CPU
		{2DAD91F9-02BC-4C88-95E2-4BCD1DF7CDC7}.Debug|Any CPU.Build.0 = Debug|Any CPU
		{2DAD91F9-02BC-4C88-95E2-4BCD1DF7CDC7}.Release|Any CPU.ActiveCfg = Release|Any CPU
		{2DAD91F9-02BC-4C88-95E2-4BCD1DF7CDC7}.Release|Any CPU.Build.0 = Release|Any CPU
	EndGlobalSection
	GlobalSection(SolutionProperties) = preSolution
		HideSolutionNode = FALSE
	EndGlobalSection
	GlobalSection(ExtensibilityGlobals) = postSolution
		SolutionGuid = {84674280-A721-4577-B5DF-B65E0F61A749}
	EndGlobalSection
EndGlobal
