
Microsoft Visual Studio Solution File, Format Version 12.00
# Visual Studio Version 17
VisualStudioVersion = 17.3.32825.248
MinimumVisualStudioVersion = 10.0.40219.1
Project("{FAE04EC0-301F-11D3-BF4B-00C04F79EFBC}") = "QuanLiSinhVien_SQL_NonModel", "QuanLiSinhVien_SQL_NonModel\QuanLiSinhVien_SQL_NonModel.csproj", "{3EA585A9-5D53-4827-A97A-27971D7D0A73}"
EndProject
Global
	GlobalSection(SolutionConfigurationPlatforms) = preSolution
		Debug|Any CPU = Debug|Any CPU
		Release|Any CPU = Release|Any CPU
	EndGlobalSection
	GlobalSection(ProjectConfigurationPlatforms) = postSolution
		{3EA585A9-5D53-4827-A97A-27971D7D0A73}.Debug|Any CPU.ActiveCfg = Debug|Any CPU
		{3EA585A9-5D53-4827-A97A-27971D7D0A73}.Debug|Any CPU.Build.0 = Debug|Any CPU
		{3EA585A9-5D53-4827-A97A-27971D7D0A73}.Release|Any CPU.ActiveCfg = Release|Any CPU
		{3EA585A9-5D53-4827-A97A-27971D7D0A73}.Release|Any CPU.Build.0 = Release|Any CPU
	EndGlobalSection
	GlobalSection(SolutionProperties) = preSolution
		HideSolutionNode = FALSE
	EndGlobalSection
	GlobalSection(ExtensibilityGlobals) = postSolution
		SolutionGuid = {4CB7A0D5-794E-4B16-BFA4-88F9B8CAA9CE}
	EndGlobalSection
EndGlobal
